// !$*UTF8*$!
{
	archiveVersion = 1;
	classes = {
	};
	objectVersion = 56;
	objects = {

/* Begin PBXBuildFile section */
		6753790A2AFD5BA500ADC69D /* SCPortfolioApp.swift in Sources */ = {isa = PBXBuildFile; fileRef = 675379092AFD5BA500ADC69D /* SCPortfolioApp.swift */; };
		6753790C2AFD5BA500ADC69D /* ContentView.swift in Sources */ = {isa = PBXBuildFile; fileRef = 6753790B2AFD5BA500ADC69D /* ContentView.swift */; };
		6753790E2AFD5BA800ADC69D /* Assets.xcassets in Resources */ = {isa = PBXBuildFile; fileRef = 6753790D2AFD5BA800ADC69D /* Assets.xcassets */; };
		675379112AFD5BA800ADC69D /* Preview Assets.xcassets in Resources */ = {isa = PBXBuildFile; fileRef = 675379102AFD5BA800ADC69D /* Preview Assets.xcassets */; };
		6753791B2AFD5BA800ADC69D /* SCPortfolioTests.swift in Sources */ = {isa = PBXBuildFile; fileRef = 6753791A2AFD5BA800ADC69D /* SCPortfolioTests.swift */; };
		675379252AFD5BA800ADC69D /* SCPortfolioUITests.swift in Sources */ = {isa = PBXBuildFile; fileRef = 675379242AFD5BA800ADC69D /* SCPortfolioUITests.swift */; };
		675379272AFD5BA800ADC69D /* SCPortfolioUITestsLaunchTests.swift in Sources */ = {isa = PBXBuildFile; fileRef = 675379262AFD5BA800ADC69D /* SCPortfolioUITestsLaunchTests.swift */; };
		675379342AFD5BBB00ADC69D /* PortfolioView.swift in Sources */ = {isa = PBXBuildFile; fileRef = 675379332AFD5BBB00ADC69D /* PortfolioView.swift */; };
		675379362AFD5BFA00ADC69D /* TradingView.swift in Sources */ = {isa = PBXBuildFile; fileRef = 675379352AFD5BFA00ADC69D /* TradingView.swift */; };
		675379382AFD6D0C00ADC69D /* APIService.swift in Sources */ = {isa = PBXBuildFile; fileRef = 675379372AFD6D0C00ADC69D /* APIService.swift */; };
		6753793A2AFD75B400ADC69D /* InfuraAPITest.swift in Sources */ = {isa = PBXBuildFile; fileRef = 675379392AFD75B400ADC69D /* InfuraAPITest.swift */; };
		675379432AFEC49500ADC69D /* TokenDetailView.swift in Sources */ = {isa = PBXBuildFile; fileRef = 675379422AFEC49500ADC69D /* TokenDetailView.swift */; };
		675379452AFEC96000ADC69D /* GraphView.swift in Sources */ = {isa = PBXBuildFile; fileRef = 675379442AFEC96000ADC69D /* GraphView.swift */; };
/* End PBXBuildFile section */

/* Begin PBXContainerItemProxy section */
		675379172AFD5BA800ADC69D /* PBXContainerItemProxy */ = {
			isa = PBXContainerItemProxy;
			containerPortal = 675378FE2AFD5BA500ADC69D /* Project object */;
			proxyType = 1;
			remoteGlobalIDString = 675379052AFD5BA500ADC69D;
			remoteInfo = SCPortfolio;
		};
		675379212AFD5BA800ADC69D /* PBXContainerItemProxy */ = {
			isa = PBXContainerItemProxy;
			containerPortal = 675378FE2AFD5BA500ADC69D /* Project object */;
			proxyType = 1;
			remoteGlobalIDString = 675379052AFD5BA500ADC69D;
			remoteInfo = SCPortfolio;
		};
/* End PBXContainerItemProxy section */

/* Begin PBXFileReference section */
		675379062AFD5BA500ADC69D /* SCPortfolio.app */ = {isa = PBXFileReference; explicitFileType = wrapper.application; includeInIndex = 0; path = SCPortfolio.app; sourceTree = BUILT_PRODUCTS_DIR; };
		675379092AFD5BA500ADC69D /* SCPortfolioApp.swift */ = {isa = PBXFileReference; lastKnownFileType = sourcecode.swift; path = SCPortfolioApp.swift; sourceTree = "<group>"; };
		6753790B2AFD5BA500ADC69D /* ContentView.swift */ = {isa = PBXFileReference; lastKnownFileType = sourcecode.swift; path = ContentView.swift; sourceTree = "<group>"; };
		6753790D2AFD5BA800ADC69D /* Assets.xcassets */ = {isa = PBXFileReference; lastKnownFileType = folder.assetcatalog; path = Assets.xcassets; sourceTree = "<group>"; };
		675379102AFD5BA800ADC69D /* Preview Assets.xcassets */ = {isa = PBXFileReference; lastKnownFileType = folder.assetcatalog; path = "Preview Assets.xcassets"; sourceTree = "<group>"; };
		675379162AFD5BA800ADC69D /* SCPortfolioTests.xctest */ = {isa = PBXFileReference; explicitFileType = wrapper.cfbundle; includeInIndex = 0; path = SCPortfolioTests.xctest; sourceTree = BUILT_PRODUCTS_DIR; };
		6753791A2AFD5BA800ADC69D /* SCPortfolioTests.swift */ = {isa = PBXFileReference; lastKnownFileType = sourcecode.swift; path = SCPortfolioTests.swift; sourceTree = "<group>"; };
		675379202AFD5BA800ADC69D /* SCPortfolioUITests.xctest */ = {isa = PBXFileReference; explicitFileType = wrapper.cfbundle; includeInIndex = 0; path = SCPortfolioUITests.xctest; sourceTree = BUILT_PRODUCTS_DIR; };
		675379242AFD5BA800ADC69D /* SCPortfolioUITests.swift */ = {isa = PBXFileReference; lastKnownFileType = sourcecode.swift; path = SCPortfolioUITests.swift; sourceTree = "<group>"; };
		675379262AFD5BA800ADC69D /* SCPortfolioUITestsLaunchTests.swift */ = {isa = PBXFileReference; lastKnownFileType = sourcecode.swift; path = SCPortfolioUITestsLaunchTests.swift; sourceTree = "<group>"; };
		675379332AFD5BBB00ADC69D /* PortfolioView.swift */ = {isa = PBXFileReference; lastKnownFileType = sourcecode.swift; path = PortfolioView.swift; sourceTree = "<group>"; };
		675379352AFD5BFA00ADC69D /* TradingView.swift */ = {isa = PBXFileReference; lastKnownFileType = sourcecode.swift; path = TradingView.swift; sourceTree = "<group>"; };
		675379372AFD6D0C00ADC69D /* APIService.swift */ = {isa = PBXFileReference; lastKnownFileType = sourcecode.swift; path = APIService.swift; sourceTree = "<group>"; };
		675379392AFD75B400ADC69D /* InfuraAPITest.swift */ = {isa = PBXFileReference; lastKnownFileType = sourcecode.swift; path = InfuraAPITest.swift; sourceTree = "<group>"; };
		675379422AFEC49500ADC69D /* TokenDetailView.swift */ = {isa = PBXFileReference; lastKnownFileType = sourcecode.swift; path = TokenDetailView.swift; sourceTree = "<group>"; };
		675379442AFEC96000ADC69D /* GraphView.swift */ = {isa = PBXFileReference; lastKnownFileType = sourcecode.swift; path = GraphView.swift; sourceTree = "<group>"; };
/* End PBXFileReference section */

/* Begin PBXFrameworksBuildPhase section */
		675379032AFD5BA500ADC69D /* Frameworks */ = {
			isa = PBXFrameworksBuildPhase;
			buildActionMask = 2147483647;
			files = (
			);
			runOnlyForDeploymentPostprocessing = 0;
		};
		675379132AFD5BA800ADC69D /* Frameworks */ = {
			isa = PBXFrameworksBuildPhase;
			buildActionMask = 2147483647;
			files = (
			);
			runOnlyForDeploymentPostprocessing = 0;
		};
		6753791D2AFD5BA800ADC69D /* Frameworks */ = {
			isa = PBXFrameworksBuildPhase;
			buildActionMask = 2147483647;
			files = (
			);
			runOnlyForDeploymentPostprocessing = 0;
		};
/* End PBXFrameworksBuildPhase section */

/* Begin PBXGroup section */
		675378FD2AFD5BA500ADC69D = {
			isa = PBXGroup;
			children = (
				675379082AFD5BA500ADC69D /* SCPortfolio */,
				675379192AFD5BA800ADC69D /* SCPortfolioTests */,
				675379232AFD5BA800ADC69D /* SCPortfolioUITests */,
				675379072AFD5BA500ADC69D /* Products */,
			);
			sourceTree = "<group>";
		};
		675379072AFD5BA500ADC69D /* Products */ = {
			isa = PBXGroup;
			children = (
				675379062AFD5BA500ADC69D /* SCPortfolio.app */,
				675379162AFD5BA800ADC69D /* SCPortfolioTests.xctest */,
				675379202AFD5BA800ADC69D /* SCPortfolioUITests.xctest */,
			);
			name = Products;
			sourceTree = "<group>";
		};
		675379082AFD5BA500ADC69D /* SCPortfolio */ = {
			isa = PBXGroup;
			children = (
				675379092AFD5BA500ADC69D /* SCPortfolioApp.swift */,
				6753790B2AFD5BA500ADC69D /* ContentView.swift */,
				6753790D2AFD5BA800ADC69D /* Assets.xcassets */,
				6753790F2AFD5BA800ADC69D /* Preview Content */,
				675379332AFD5BBB00ADC69D /* PortfolioView.swift */,
				675379352AFD5BFA00ADC69D /* TradingView.swift */,
				675379372AFD6D0C00ADC69D /* APIService.swift */,
				675379392AFD75B400ADC69D /* InfuraAPITest.swift */,
				675379422AFEC49500ADC69D /* TokenDetailView.swift */,
				675379442AFEC96000ADC69D /* GraphView.swift */,
			);
			path = SCPortfolio;
			sourceTree = "<group>";
		};
		6753790F2AFD5BA800ADC69D /* Preview Content */ = {
			isa = PBXGroup;
			children = (
				675379102AFD5BA800ADC69D /* Preview Assets.xcassets */,
			);
			path = "Preview Content";
			sourceTree = "<group>";
		};
		675379192AFD5BA800ADC69D /* SCPortfolioTests */ = {
			isa = PBXGroup;
			children = (
				6753791A2AFD5BA800ADC69D /* SCPortfolioTests.swift */,
			);
			path = SCPortfolioTests;
			sourceTree = "<group>";
		};
		675379232AFD5BA800ADC69D /* SCPortfolioUITests */ = {
			isa = PBXGroup;
			children = (
				675379242AFD5BA800ADC69D /* SCPortfolioUITests.swift */,
				675379262AFD5BA800ADC69D /* SCPortfolioUITestsLaunchTests.swift */,
			);
			path = SCPortfolioUITests;
			sourceTree = "<group>";
		};
/* End PBXGroup section */

/* Begin PBXNativeTarget section */
		675379052AFD5BA500ADC69D /* SCPortfolio */ = {
			isa = PBXNativeTarget;
			buildConfigurationList = 6753792A2AFD5BA800ADC69D /* Build configuration list for PBXNativeTarget "SCPortfolio" */;
			buildPhases = (
				675379022AFD5BA500ADC69D /* Sources */,
				675379032AFD5BA500ADC69D /* Frameworks */,
				675379042AFD5BA500ADC69D /* Resources */,
			);
			buildRules = (
			);
			dependencies = (
			);
			name = SCPortfolio;
			packageProductDependencies = (
			);
			productName = SCPortfolio;
			productReference = 675379062AFD5BA500ADC69D /* SCPortfolio.app */;
			productType = "com.apple.product-type.application";
		};
		675379152AFD5BA800ADC69D /* SCPortfolioTests */ = {
			isa = PBXNativeTarget;
			buildConfigurationList = 6753792D2AFD5BA800ADC69D /* Build configuration list for PBXNativeTarget "SCPortfolioTests" */;
			buildPhases = (
				675379122AFD5BA800ADC69D /* Sources */,
				675379132AFD5BA800ADC69D /* Frameworks */,
				675379142AFD5BA800ADC69D /* Resources */,
			);
			buildRules = (
			);
			dependencies = (
				675379182AFD5BA800ADC69D /* PBXTargetDependency */,
			);
			name = SCPortfolioTests;
			productName = SCPortfolioTests;
			productReference = 675379162AFD5BA800ADC69D /* SCPortfolioTests.xctest */;
			productType = "com.apple.product-type.bundle.unit-test";
		};
		6753791F2AFD5BA800ADC69D /* SCPortfolioUITests */ = {
			isa = PBXNativeTarget;
			buildConfigurationList = 675379302AFD5BA800ADC69D /* Build configuration list for PBXNativeTarget "SCPortfolioUITests" */;
			buildPhases = (
				6753791C2AFD5BA800ADC69D /* Sources */,
				6753791D2AFD5BA800ADC69D /* Frameworks */,
				6753791E2AFD5BA800ADC69D /* Resources */,
			);
			buildRules = (
			);
			dependencies = (
				675379222AFD5BA800ADC69D /* PBXTargetDependency */,
			);
			name = SCPortfolioUITests;
			productName = SCPortfolioUITests;
			productReference = 675379202AFD5BA800ADC69D /* SCPortfolioUITests.xctest */;
			productType = "com.apple.product-type.bundle.ui-testing";
		};
/* End PBXNativeTarget section */

/* Begin PBXProject section */
		675378FE2AFD5BA500ADC69D /* Project object */ = {
			isa = PBXProject;
			attributes = {
				BuildIndependentTargetsInParallel = 1;
				LastSwiftUpdateCheck = 1430;
				LastUpgradeCheck = 1430;
				TargetAttributes = {
					675379052AFD5BA500ADC69D = {
						CreatedOnToolsVersion = 14.3.1;
					};
					675379152AFD5BA800ADC69D = {
						CreatedOnToolsVersion = 14.3.1;
						TestTargetID = 675379052AFD5BA500ADC69D;
					};
					6753791F2AFD5BA800ADC69D = {
						CreatedOnToolsVersion = 14.3.1;
						TestTargetID = 675379052AFD5BA500ADC69D;
					};
				};
			};
			buildConfigurationList = 675379012AFD5BA500ADC69D /* Build configuration list for PBXProject "SCPortfolio" */;
			compatibilityVersion = "Xcode 14.0";
			developmentRegion = en;
			hasScannedForEncodings = 0;
			knownRegions = (
				en,
				Base,
			);
			mainGroup = 675378FD2AFD5BA500ADC69D;
			packageReferences = (
			);
			productRefGroup = 675379072AFD5BA500ADC69D /* Products */;
			projectDirPath = "";
			projectRoot = "";
			targets = (
				675379052AFD5BA500ADC69D /* SCPortfolio */,
				675379152AFD5BA800ADC69D /* SCPortfolioTests */,
				6753791F2AFD5BA800ADC69D /* SCPortfolioUITests */,
			);
		};
/* End PBXProject section */

/* Begin PBXResourcesBuildPhase section */
		675379042AFD5BA500ADC69D /* Resources */ = {
			isa = PBXResourcesBuildPhase;
			buildActionMask = 2147483647;
			files = (
				675379112AFD5BA800ADC69D /* Preview Assets.xcassets in Resources */,
				6753790E2AFD5BA800ADC69D /* Assets.xcassets in Resources */,
			);
			runOnlyForDeploymentPostprocessing = 0;
		};
		675379142AFD5BA800ADC69D /* Resources */ = {
			isa = PBXResourcesBuildPhase;
			buildActionMask = 2147483647;
			files = (
			);
			runOnlyForDeploymentPostprocessing = 0;
		};
		6753791E2AFD5BA800ADC69D /* Resources */ = {
			isa = PBXResourcesBuildPhase;
			buildActionMask = 2147483647;
			files = (
			);
			runOnlyForDeploymentPostprocessing = 0;
		};
/* End PBXResourcesBuildPhase section */

/* Begin PBXSourcesBuildPhase section */
		675379022AFD5BA500ADC69D /* Sources */ = {
			isa = PBXSourcesBuildPhase;
			buildActionMask = 2147483647;
			files = (
				675379362AFD5BFA00ADC69D /* TradingView.swift in Sources */,
				675379382AFD6D0C00ADC69D /* APIService.swift in Sources */,
				6753790C2AFD5BA500ADC69D /* ContentView.swift in Sources */,
				675379342AFD5BBB00ADC69D /* PortfolioView.swift in Sources */,
				6753790A2AFD5BA500ADC69D /* SCPortfolioApp.swift in Sources */,
				675379432AFEC49500ADC69D /* TokenDetailView.swift in Sources */,
				6753793A2AFD75B400ADC69D /* InfuraAPITest.swift in Sources */,
				675379452AFEC96000ADC69D /* GraphView.swift in Sources */,
			);
			runOnlyForDeploymentPostprocessing = 0;
		};
		675379122AFD5BA800ADC69D /* Sources */ = {
			isa = PBXSourcesBuildPhase;
			buildActionMask = 2147483647;
			files = (
				6753791B2AFD5BA800ADC69D /* SCPortfolioTests.swift in Sources */,
			);
			runOnlyForDeploymentPostprocessing = 0;
		};
		6753791C2AFD5BA800ADC69D /* Sources */ = {
			isa = PBXSourcesBuildPhase;
			buildActionMask = 2147483647;
			files = (
				675379252AFD5BA800ADC69D /* SCPortfolioUITests.swift in Sources */,
				675379272AFD5BA800ADC69D /* SCPortfolioUITestsLaunchTests.swift in Sources */,
			);
			runOnlyForDeploymentPostprocessing = 0;
		};
/* End PBXSourcesBuildPhase section */

/* Begin PBXTargetDependency section */
		675379182AFD5BA800ADC69D /* PBXTargetDependency */ = {
			isa = PBXTargetDependency;
			target = 675379052AFD5BA500ADC69D /* SCPortfolio */;
			targetProxy = 675379172AFD5BA800ADC69D /* PBXContainerItemProxy */;
		};
		675379222AFD5BA800ADC69D /* PBXTargetDependency */ = {
			isa = PBXTargetDependency;
			target = 675379052AFD5BA500ADC69D /* SCPortfolio */;
			targetProxy = 675379212AFD5BA800ADC69D /* PBXContainerItemProxy */;
		};
/* End PBXTargetDependency section */

/* Begin XCBuildConfiguration section */
		675379282AFD5BA800ADC69D /* Debug */ = {
			isa = XCBuildConfiguration;
			buildSettings = {
				ALWAYS_SEARCH_USER_PATHS = NO;
				CLANG_ANALYZER_NONNULL = YES;
				CLANG_ANALYZER_NUMBER_OBJECT_CONVERSION = YES_AGGRESSIVE;
				CLANG_CXX_LANGUAGE_STANDARD = "gnu++20";
				CLANG_ENABLE_MODULES = YES;
				CLANG_ENABLE_OBJC_ARC = YES;
				CLANG_ENABLE_OBJC_WEAK = YES;
				CLANG_WARN_BLOCK_CAPTURE_AUTORELEASING = YES;
				CLANG_WARN_BOOL_CONVERSION = YES;
				CLANG_WARN_COMMA = YES;
				CLANG_WARN_CONSTANT_CONVERSION = YES;
				CLANG_WARN_DEPRECATED_OBJC_IMPLEMENTATIONS = YES;
				CLANG_WARN_DIRECT_OBJC_ISA_USAGE = YES_ERROR;
				CLANG_WARN_DOCUMENTATION_COMMENTS = YES;
				CLANG_WARN_EMPTY_BODY = YES;
				CLANG_WARN_ENUM_CONVERSION = YES;
				CLANG_WARN_INFINITE_RECURSION = YES;
				CLANG_WARN_INT_CONVERSION = YES;
				CLANG_WARN_NON_LITERAL_NULL_CONVERSION = YES;
				CLANG_WARN_OBJC_IMPLICIT_RETAIN_SELF = YES;
				CLANG_WARN_OBJC_LITERAL_CONVERSION = YES;
				CLANG_WARN_OBJC_ROOT_CLASS = YES_ERROR;
				CLANG_WARN_QUOTED_INCLUDE_IN_FRAMEWORK_HEADER = YES;
				CLANG_WARN_RANGE_LOOP_ANALYSIS = YES;
				CLANG_WARN_STRICT_PROTOTYPES = YES;
				CLANG_WARN_SUSPICIOUS_MOVE = YES;
				CLANG_WARN_UNGUARDED_AVAILABILITY = YES_AGGRESSIVE;
				CLANG_WARN_UNREACHABLE_CODE = YES;
				CLANG_WARN__DUPLICATE_METHOD_MATCH = YES;
				COPY_PHASE_STRIP = NO;
				DEBUG_INFORMATION_FORMAT = dwarf;
				ENABLE_STRICT_OBJC_MSGSEND = YES;
				ENABLE_TESTABILITY = YES;
				GCC_C_LANGUAGE_STANDARD = gnu11;
				GCC_DYNAMIC_NO_PIC = NO;
				GCC_NO_COMMON_BLOCKS = YES;
				GCC_OPTIMIZATION_LEVEL = 0;
				GCC_PREPROCESSOR_DEFINITIONS = (
					"DEBUG=1",
					"$(inherited)",
				);
				GCC_WARN_64_TO_32_BIT_CONVERSION = YES;
				GCC_WARN_ABOUT_RETURN_TYPE = YES_ERROR;
				GCC_WARN_UNDECLARED_SELECTOR = YES;
				GCC_WARN_UNINITIALIZED_AUTOS = YES_AGGRESSIVE;
				GCC_WARN_UNUSED_FUNCTION = YES;
				GCC_WARN_UNUSED_VARIABLE = YES;
				IPHONEOS_DEPLOYMENT_TARGET = 16.4;
				MTL_ENABLE_DEBUG_INFO = INCLUDE_SOURCE;
				MTL_FAST_MATH = YES;
				ONLY_ACTIVE_ARCH = YES;
				SDKROOT = iphoneos;
				SWIFT_ACTIVE_COMPILATION_CONDITIONS = DEBUG;
				SWIFT_OPTIMIZATION_LEVEL = "-Onone";
			};
			name = Debug;
		};
		675379292AFD5BA800ADC69D /* Release */ = {
			isa = XCBuildConfiguration;
			buildSettings = {
				ALWAYS_SEARCH_USER_PATHS = NO;
				CLANG_ANALYZER_NONNULL = YES;
				CLANG_ANALYZER_NUMBER_OBJECT_CONVERSION = YES_AGGRESSIVE;
				CLANG_CXX_LANGUAGE_STANDARD = "gnu++20";
				CLANG_ENABLE_MODULES = YES;
				CLANG_ENABLE_OBJC_ARC = YES;
				CLANG_ENABLE_OBJC_WEAK = YES;
				CLANG_WARN_BLOCK_CAPTURE_AUTORELEASING = YES;
				CLANG_WARN_BOOL_CONVERSION = YES;
				CLANG_WARN_COMMA = YES;
				CLANG_WARN_CONSTANT_CONVERSION = YES;
				CLANG_WARN_DEPRECATED_OBJC_IMPLEMENTATIONS = YES;
				CLANG_WARN_DIRECT_OBJC_ISA_USAGE = YES_ERROR;
				CLANG_WARN_DOCUMENTATION_COMMENTS = YES;
				CLANG_WARN_EMPTY_BODY = YES;
				CLANG_WARN_ENUM_CONVERSION = YES;
				CLANG_WARN_INFINITE_RECURSION = YES;
				CLANG_WARN_INT_CONVERSION = YES;
				CLANG_WARN_NON_LITERAL_NULL_CONVERSION = YES;
				CLANG_WARN_OBJC_IMPLICIT_RETAIN_SELF = YES;
				CLANG_WARN_OBJC_LITERAL_CONVERSION = YES;
				CLANG_WARN_OBJC_ROOT_CLASS = YES_ERROR;
				CLANG_WARN_QUOTED_INCLUDE_IN_FRAMEWORK_HEADER = YES;
				CLANG_WARN_RANGE_LOOP_ANALYSIS = YES;
				CLANG_WARN_STRICT_PROTOTYPES = YES;
				CLANG_WARN_SUSPICIOUS_MOVE = YES;
				CLANG_WARN_UNGUARDED_AVAILABILITY = YES_AGGRESSIVE;
				CLANG_WARN_UNREACHABLE_CODE = YES;
				CLANG_WARN__DUPLICATE_METHOD_MATCH = YES;
				COPY_PHASE_STRIP = NO;
				DEBUG_INFORMATION_FORMAT = "dwarf-with-dsym";
				ENABLE_NS_ASSERTIONS = NO;
				ENABLE_STRICT_OBJC_MSGSEND = YES;
				GCC_C_LANGUAGE_STANDARD = gnu11;
				GCC_NO_COMMON_BLOCKS = YES;
				GCC_WARN_64_TO_32_BIT_CONVERSION = YES;
				GCC_WARN_ABOUT_RETURN_TYPE = YES_ERROR;
				GCC_WARN_UNDECLARED_SELECTOR = YES;
				GCC_WARN_UNINITIALIZED_AUTOS = YES_AGGRESSIVE;
				GCC_WARN_UNUSED_FUNCTION = YES;
				GCC_WARN_UNUSED_VARIABLE = YES;
				IPHONEOS_DEPLOYMENT_TARGET = 16.4;
				MTL_ENABLE_DEBUG_INFO = NO;
				MTL_FAST_MATH = YES;
				SDKROOT = iphoneos;
				SWIFT_COMPILATION_MODE = wholemodule;
				SWIFT_OPTIMIZATION_LEVEL = "-O";
				VALIDATE_PRODUCT = YES;
			};
			name = Release;
		};
		6753792B2AFD5BA800ADC69D /* Debug */ = {
			isa = XCBuildConfiguration;
			buildSettings = {
				ASSETCATALOG_COMPILER_APPICON_NAME = AppIcon;
				ASSETCATALOG_COMPILER_GLOBAL_ACCENT_COLOR_NAME = AccentColor;
				CODE_SIGN_STYLE = Automatic;
				CURRENT_PROJECT_VERSION = 1;
				DEVELOPMENT_ASSET_PATHS = "\"SCPortfolio/Preview Content\"";
				DEVELOPMENT_TEAM = B9659JD3WC;
				ENABLE_PREVIEWS = YES;
				GENERATE_INFOPLIST_FILE = YES;
				INFOPLIST_KEY_UIApplicationSceneManifest_Generation = YES;
				INFOPLIST_KEY_UIApplicationSupportsIndirectInputEvents = YES;
				INFOPLIST_KEY_UILaunchScreen_Generation = YES;
				INFOPLIST_KEY_UISupportedInterfaceOrientations_iPad = "UIInterfaceOrientationPortrait UIInterfaceOrientationPortraitUpsideDown UIInterfaceOrientationLandscapeLeft UIInterfaceOrientationLandscapeRight";
				INFOPLIST_KEY_UISupportedInterfaceOrientations_iPhone = "UIInterfaceOrientationPortrait UIInterfaceOrientationLandscapeLeft UIInterfaceOrientationLandscapeRight";
				LD_RUNPATH_SEARCH_PATHS = (
					"$(inherited)",
					"@executable_path/Frameworks",
				);
				MARKETING_VERSION = 1.0;
				PRODUCT_BUNDLE_IDENTIFIER = KZ.SCPortfolio;
				PRODUCT_NAME = "$(TARGET_NAME)";
				SWIFT_EMIT_LOC_STRINGS = YES;
				SWIFT_VERSION = 5.0;
				TARGETED_DEVICE_FAMILY = "1,2";
			};
			name = Debug;
		};
		6753792C2AFD5BA800ADC69D /* Release */ = {
			isa = XCBuildConfiguration;
			buildSettings = {
				ASSETCATALOG_COMPILER_APPICON_NAME = AppIcon;
				ASSETCATALOG_COMPILER_GLOBAL_ACCENT_COLOR_NAME = AccentColor;
				CODE_SIGN_STYLE = Automatic;
				CURRENT_PROJECT_VERSION = 1;
				DEVELOPMENT_ASSET_PATHS = "\"SCPortfolio/Preview Content\"";
				DEVELOPMENT_TEAM = B9659JD3WC;
				ENABLE_PREVIEWS = YES;
				GENERATE_INFOPLIST_FILE = YES;
				INFOPLIST_KEY_UIApplicationSceneManifest_Generation = YES;
				INFOPLIST_KEY_UIApplicationSupportsIndirectInputEvents = YES;
				INFOPLIST_KEY_UILaunchScreen_Generation = YES;
				INFOPLIST_KEY_UISupportedInterfaceOrientations_iPad = "UIInterfaceOrientationPortrait UIInterfaceOrientationPortraitUpsideDown UIInterfaceOrientationLandscapeLeft UIInterfaceOrientationLandscapeRight";
				INFOPLIST_KEY_UISupportedInterfaceOrientations_iPhone = "UIInterfaceOrientationPortrait UIInterfaceOrientationLandscapeLeft UIInterfaceOrientationLandscapeRight";
				LD_RUNPATH_SEARCH_PATHS = (
					"$(inherited)",
					"@executable_path/Frameworks",
				);
				MARKETING_VERSION = 1.0;
				PRODUCT_BUNDLE_IDENTIFIER = KZ.SCPortfolio;
				PRODUCT_NAME = "$(TARGET_NAME)";
				SWIFT_EMIT_LOC_STRINGS = YES;
				SWIFT_VERSION = 5.0;
				TARGETED_DEVICE_FAMILY = "1,2";
			};
			name = Release;
		};
		6753792E2AFD5BA800ADC69D /* Debug */ = {
			isa = XCBuildConfiguration;
			buildSettings = {
				ALWAYS_EMBED_SWIFT_STANDARD_LIBRARIES = YES;
				BUNDLE_LOADER = "$(TEST_HOST)";
				CODE_SIGN_STYLE = Automatic;
				CURRENT_PROJECT_VERSION = 1;
				DEVELOPMENT_TEAM = B9659JD3WC;
				GENERATE_INFOPLIST_FILE = YES;
				IPHONEOS_DEPLOYMENT_TARGET = 16.4;
				MARKETING_VERSION = 1.0;
				PRODUCT_BUNDLE_IDENTIFIER = KZ.SCPortfolioTests;
				PRODUCT_NAME = "$(TARGET_NAME)";
				SWIFT_EMIT_LOC_STRINGS = NO;
				SWIFT_VERSION = 5.0;
				TARGETED_DEVICE_FAMILY = "1,2";
				TEST_HOST = "$(BUILT_PRODUCTS_DIR)/SCPortfolio.app/$(BUNDLE_EXECUTABLE_FOLDER_PATH)/SCPortfolio";
			};
			name = Debug;
		};
		6753792F2AFD5BA800ADC69D /* Release */ = {
			isa = XCBuildConfiguration;
			buildSettings = {
				ALWAYS_EMBED_SWIFT_STANDARD_LIBRARIES = YES;
				BUNDLE_LOADER = "$(TEST_HOST)";
				CODE_SIGN_STYLE = Automatic;
				CURRENT_PROJECT_VERSION = 1;
				DEVELOPMENT_TEAM = B9659JD3WC;
				GENERATE_INFOPLIST_FILE = YES;
				IPHONEOS_DEPLOYMENT_TARGET = 16.4;
				MARKETING_VERSION = 1.0;
				PRODUCT_BUNDLE_IDENTIFIER = KZ.SCPortfolioTests;
				PRODUCT_NAME = "$(TARGET_NAME)";
				SWIFT_EMIT_LOC_STRINGS = NO;
				SWIFT_VERSION = 5.0;
				TARGETED_DEVICE_FAMILY = "1,2";
				TEST_HOST = "$(BUILT_PRODUCTS_DIR)/SCPortfolio.app/$(BUNDLE_EXECUTABLE_FOLDER_PATH)/SCPortfolio";
			};
			name = Release;
		};
		675379312AFD5BA800ADC69D /* Debug */ = {
			isa = XCBuildConfiguration;
			buildSettings = {
				ALWAYS_EMBED_SWIFT_STANDARD_LIBRARIES = YES;
				CODE_SIGN_STYLE = Automatic;
				CURRENT_PROJECT_VERSION = 1;
				DEVELOPMENT_TEAM = B9659JD3WC;
				GENERATE_INFOPLIST_FILE = YES;
				MARKETING_VERSION = 1.0;
				PRODUCT_BUNDLE_IDENTIFIER = KZ.SCPortfolioUITests;
				PRODUCT_NAME = "$(TARGET_NAME)";
				SWIFT_EMIT_LOC_STRINGS = NO;
				SWIFT_VERSION = 5.0;
				TARGETED_DEVICE_FAMILY = "1,2";
				TEST_TARGET_NAME = SCPortfolio;
			};
			name = Debug;
		};
		675379322AFD5BA800ADC69D /* Release */ = {
			isa = XCBuildConfiguration;
			buildSettings = {
				ALWAYS_EMBED_SWIFT_STANDARD_LIBRARIES = YES;
				CODE_SIGN_STYLE = Automatic;
				CURRENT_PROJECT_VERSION = 1;
				DEVELOPMENT_TEAM = B9659JD3WC;
				GENERATE_INFOPLIST_FILE = YES;
				MARKETING_VERSION = 1.0;
				PRODUCT_BUNDLE_IDENTIFIER = KZ.SCPortfolioUITests;
				PRODUCT_NAME = "$(TARGET_NAME)";
				SWIFT_EMIT_LOC_STRINGS = NO;
				SWIFT_VERSION = 5.0;
				TARGETED_DEVICE_FAMILY = "1,2";
				TEST_TARGET_NAME = SCPortfolio;
			};
			name = Release;
		};
/* End XCBuildConfiguration section */

/* Begin XCConfigurationList section */
		675379012AFD5BA500ADC69D /* Build configuration list for PBXProject "SCPortfolio" */ = {
			isa = XCConfigurationList;
			buildConfigurations = (
				675379282AFD5BA800ADC69D /* Debug */,
				675379292AFD5BA800ADC69D /* Release */,
			);
			defaultConfigurationIsVisible = 0;
			defaultConfigurationName = Release;
		};
		6753792A2AFD5BA800ADC69D /* Build configuration list for PBXNativeTarget "SCPortfolio" */ = {
			isa = XCConfigurationList;
			buildConfigurations = (
				6753792B2AFD5BA800ADC69D /* Debug */,
				6753792C2AFD5BA800ADC69D /* Release */,
			);
			defaultConfigurationIsVisible = 0;
			defaultConfigurationName = Release;
		};
		6753792D2AFD5BA800ADC69D /* Build configuration list for PBXNativeTarget "SCPortfolioTests" */ = {
			isa = XCConfigurationList;
			buildConfigurations = (
				6753792E2AFD5BA800ADC69D /* Debug */,
				6753792F2AFD5BA800ADC69D /* Release */,
			);
			defaultConfigurationIsVisible = 0;
			defaultConfigurationName = Release;
		};
		675379302AFD5BA800ADC69D /* Build configuration list for PBXNativeTarget "SCPortfolioUITests" */ = {
			isa = XCConfigurationList;
			buildConfigurations = (
				675379312AFD5BA800ADC69D /* Debug */,
				675379322AFD5BA800ADC69D /* Release */,
			);
			defaultConfigurationIsVisible = 0;
			defaultConfigurationName = Release;
		};
/* End XCConfigurationList section */
	};
	rootObject = 675378FE2AFD5BA500ADC69D /* Project object */;
}
